// !$*UTF8*$!
{
	archiveVersion = 1;
	classes = {
	};
	objectVersion = 50;
	objects = {

/* Begin PBXBuildFile section */
		0B9B46A447F63C6B5DBF52F7 /* Pods_firstApp__macOS_.framework in Frameworks */ = {isa = PBXBuildFile; fileRef = 34040151E9D56E22B7B84619 /* Pods_firstApp__macOS_.framework */; };
		4BB6BDB7F8AD18367B5E9837 /* Pods_firstApp__iOS_.framework in Frameworks */ = {isa = PBXBuildFile; fileRef = D5367AA090301428074BDC2C /* Pods_firstApp__iOS_.framework */; };
		91326407266EE086006229F4 /* FavoriteButton.swift in Sources */ = {isa = PBXBuildFile; fileRef = 91326406266EE086006229F4 /* FavoriteButton.swift */; };
		91EFB506266852DD00AC9A84 /* Tests_iOS.swift in Sources */ = {isa = PBXBuildFile; fileRef = 91EFB505266852DD00AC9A84 /* Tests_iOS.swift */; };
		91EFB513266852DD00AC9A84 /* firstAppApp.swift in Sources */ = {isa = PBXBuildFile; fileRef = 91EFB4EA266852DC00AC9A84 /* firstAppApp.swift */; };
		91EFB514266852DD00AC9A84 /* firstAppApp.swift in Sources */ = {isa = PBXBuildFile; fileRef = 91EFB4EA266852DC00AC9A84 /* firstAppApp.swift */; };
		91EFB515266852DD00AC9A84 /* ContentView.swift in Sources */ = {isa = PBXBuildFile; fileRef = 91EFB4EB266852DC00AC9A84 /* ContentView.swift */; };
		91EFB516266852DD00AC9A84 /* ContentView.swift in Sources */ = {isa = PBXBuildFile; fileRef = 91EFB4EB266852DC00AC9A84 /* ContentView.swift */; };
		91EFB517266852DD00AC9A84 /* Assets.xcassets in Resources */ = {isa = PBXBuildFile; fileRef = 91EFB4EC266852DD00AC9A84 /* Assets.xcassets */; };
		91EFB518266852DD00AC9A84 /* Assets.xcassets in Resources */ = {isa = PBXBuildFile; fileRef = 91EFB4EC266852DD00AC9A84 /* Assets.xcassets */; };
		91EFB52826685EEB00AC9A84 /* ImageProfile.swift in Sources */ = {isa = PBXBuildFile; fileRef = 91EFB52726685EEB00AC9A84 /* ImageProfile.swift */; };
		91EFB52926685EEB00AC9A84 /* ImageProfile.swift in Sources */ = {isa = PBXBuildFile; fileRef = 91EFB52726685EEB00AC9A84 /* ImageProfile.swift */; };
		91EFB54A2668675200AC9A84 /* landmarkData.json in Resources */ = {isa = PBXBuildFile; fileRef = 91EFB53D2668675200AC9A84 /* landmarkData.json */; };
		91EFB54C266867C200AC9A84 /* Landmark.swift in Sources */ = {isa = PBXBuildFile; fileRef = 91EFB54B266867C200AC9A84 /* Landmark.swift */; };
		91EFB54E266867D900AC9A84 /* Modeldata.swift in Sources */ = {isa = PBXBuildFile; fileRef = 91EFB54D266867D900AC9A84 /* Modeldata.swift */; };
		91EFB5522668686A00AC9A84 /* LandmarkRow.swift in Sources */ = {isa = PBXBuildFile; fileRef = 91EFB5512668686A00AC9A84 /* LandmarkRow.swift */; };
		91EFB55526686D6200AC9A84 /* landmarkList.swift in Sources */ = {isa = PBXBuildFile; fileRef = 91EFB55426686D6200AC9A84 /* landmarkList.swift */; };
		91EFB55726686EE200AC9A84 /* LandmarkDetail.swift in Sources */ = {isa = PBXBuildFile; fileRef = 91EFB55626686EE200AC9A84 /* LandmarkDetail.swift */; };
/* End PBXBuildFile section */

/* Begin PBXContainerItemProxy section */
		91EFB502266852DD00AC9A84 /* PBXContainerItemProxy */ = {
			isa = PBXContainerItemProxy;
			containerPortal = 91EFB4E5266852DC00AC9A84 /* Project object */;
			proxyType = 1;
			remoteGlobalIDString = 91EFB4F0266852DD00AC9A84;
			remoteInfo = "firstApp (iOS)";
		};
		91EFB50D266852DD00AC9A84 /* PBXContainerItemProxy */ = {
			isa = PBXContainerItemProxy;
			containerPortal = 91EFB4E5266852DC00AC9A84 /* Project object */;
			proxyType = 1;
			remoteGlobalIDString = 91EFB4F8266852DD00AC9A84;
			remoteInfo = "firstApp (macOS)";
		};
/* End PBXContainerItemProxy section */

/* Begin PBXFileReference section */
		027057B885331C9663A6980A /* Pods-firstApp (iOS).release.xcconfig */ = {isa = PBXFileReference; includeInIndex = 1; lastKnownFileType = text.xcconfig; name = "Pods-firstApp (iOS).release.xcconfig"; path = "Target Support Files/Pods-firstApp (iOS)/Pods-firstApp (iOS).release.xcconfig"; sourceTree = "<group>"; };
		14A8FA4D1337C3A5F786A1F1 /* Pods-firstApp (iOS).debug.xcconfig */ = {isa = PBXFileReference; includeInIndex = 1; lastKnownFileType = text.xcconfig; name = "Pods-firstApp (iOS).debug.xcconfig"; path = "Target Support Files/Pods-firstApp (iOS)/Pods-firstApp (iOS).debug.xcconfig"; sourceTree = "<group>"; };
		34040151E9D56E22B7B84619 /* Pods_firstApp__macOS_.framework */ = {isa = PBXFileReference; explicitFileType = wrapper.framework; includeInIndex = 0; path = Pods_firstApp__macOS_.framework; sourceTree = BUILT_PRODUCTS_DIR; };
		3632B0668368B42B20851C9B /* Pods-firstApp (macOS).release.xcconfig */ = {isa = PBXFileReference; includeInIndex = 1; lastKnownFileType = text.xcconfig; name = "Pods-firstApp (macOS).release.xcconfig"; path = "Target Support Files/Pods-firstApp (macOS)/Pods-firstApp (macOS).release.xcconfig"; sourceTree = "<group>"; };
		493FDD37F81F070A372A7156 /* Pods-firstApp (macOS).debug.xcconfig */ = {isa = PBXFileReference; includeInIndex = 1; lastKnownFileType = text.xcconfig; name = "Pods-firstApp (macOS).debug.xcconfig"; path = "Target Support Files/Pods-firstApp (macOS)/Pods-firstApp (macOS).debug.xcconfig"; sourceTree = "<group>"; };
		91326406266EE086006229F4 /* FavoriteButton.swift */ = {isa = PBXFileReference; lastKnownFileType = sourcecode.swift; path = FavoriteButton.swift; sourceTree = "<group>"; };
		91EFB4EA266852DC00AC9A84 /* firstAppApp.swift */ = {isa = PBXFileReference; lastKnownFileType = sourcecode.swift; path = firstAppApp.swift; sourceTree = "<group>"; };
		91EFB4EB266852DC00AC9A84 /* ContentView.swift */ = {isa = PBXFileReference; lastKnownFileType = sourcecode.swift; path = ContentView.swift; sourceTree = "<group>"; };
		91EFB4EC266852DD00AC9A84 /* Assets.xcassets */ = {isa = PBXFileReference; lastKnownFileType = folder.assetcatalog; path = Assets.xcassets; sourceTree = "<group>"; };
		91EFB4F1266852DD00AC9A84 /* firstApp.app */ = {isa = PBXFileReference; explicitFileType = wrapper.application; includeInIndex = 0; path = firstApp.app; sourceTree = BUILT_PRODUCTS_DIR; };
		91EFB4F4266852DD00AC9A84 /* Info.plist */ = {isa = PBXFileReference; lastKnownFileType = text.plist.xml; path = Info.plist; sourceTree = "<group>"; };
		91EFB4F9266852DD00AC9A84 /* firstApp.app */ = {isa = PBXFileReference; explicitFileType = wrapper.application; includeInIndex = 0; path = firstApp.app; sourceTree = BUILT_PRODUCTS_DIR; };
		91EFB501266852DD00AC9A84 /* Tests iOS.xctest */ = {isa = PBXFileReference; explicitFileType = wrapper.cfbundle; includeInIndex = 0; path = "Tests iOS.xctest"; sourceTree = BUILT_PRODUCTS_DIR; };
		91EFB505266852DD00AC9A84 /* Tests_iOS.swift */ = {isa = PBXFileReference; lastKnownFileType = sourcecode.swift; path = Tests_iOS.swift; sourceTree = "<group>"; };
		91EFB507266852DD00AC9A84 /* Info.plist */ = {isa = PBXFileReference; lastKnownFileType = text.plist.xml; path = Info.plist; sourceTree = "<group>"; };
		91EFB50C266852DD00AC9A84 /* Tests macOS.xctest */ = {isa = PBXFileReference; explicitFileType = wrapper.cfbundle; includeInIndex = 0; path = "Tests macOS.xctest"; sourceTree = BUILT_PRODUCTS_DIR; };
		91EFB52726685EEB00AC9A84 /* ImageProfile.swift */ = {isa = PBXFileReference; lastKnownFileType = sourcecode.swift; path = ImageProfile.swift; sourceTree = "<group>"; };
		91EFB53D2668675200AC9A84 /* landmarkData.json */ = {isa = PBXFileReference; fileEncoding = 4; lastKnownFileType = text.json; path = landmarkData.json; sourceTree = "<group>"; };
		91EFB54B266867C200AC9A84 /* Landmark.swift */ = {isa = PBXFileReference; lastKnownFileType = sourcecode.swift; path = Landmark.swift; sourceTree = "<group>"; };
		91EFB54D266867D900AC9A84 /* Modeldata.swift */ = {isa = PBXFileReference; lastKnownFileType = sourcecode.swift; path = Modeldata.swift; sourceTree = "<group>"; };
		91EFB5512668686A00AC9A84 /* LandmarkRow.swift */ = {isa = PBXFileReference; lastKnownFileType = sourcecode.swift; path = LandmarkRow.swift; sourceTree = "<group>"; };
		91EFB55426686D6200AC9A84 /* landmarkList.swift */ = {isa = PBXFileReference; lastKnownFileType = sourcecode.swift; path = landmarkList.swift; sourceTree = "<group>"; };
		91EFB55626686EE200AC9A84 /* LandmarkDetail.swift */ = {isa = PBXFileReference; lastKnownFileType = sourcecode.swift; path = LandmarkDetail.swift; sourceTree = "<group>"; };
		D5367AA090301428074BDC2C /* Pods_firstApp__iOS_.framework */ = {isa = PBXFileReference; explicitFileType = wrapper.framework; includeInIndex = 0; path = Pods_firstApp__iOS_.framework; sourceTree = BUILT_PRODUCTS_DIR; };
/* End PBXFileReference section */

/* Begin PBXFrameworksBuildPhase section */
		91EFB4EE266852DD00AC9A84 /* Frameworks */ = {
			isa = PBXFrameworksBuildPhase;
			buildActionMask = 2147483647;
			files = (
				4BB6BDB7F8AD18367B5E9837 /* Pods_firstApp__iOS_.framework in Frameworks */,
			);
			runOnlyForDeploymentPostprocessing = 0;
		};
		91EFB4F6266852DD00AC9A84 /* Frameworks */ = {
			isa = PBXFrameworksBuildPhase;
			buildActionMask = 2147483647;
			files = (
				0B9B46A447F63C6B5DBF52F7 /* Pods_firstApp__macOS_.framework in Frameworks */,
			);
			runOnlyForDeploymentPostprocessing = 0;
		};
		91EFB4FE266852DD00AC9A84 /* Frameworks */ = {
			isa = PBXFrameworksBuildPhase;
			buildActionMask = 2147483647;
			files = (
			);
			runOnlyForDeploymentPostprocessing = 0;
		};
		91EFB509266852DD00AC9A84 /* Frameworks */ = {
			isa = PBXFrameworksBuildPhase;
			buildActionMask = 2147483647;
			files = (
			);
			runOnlyForDeploymentPostprocessing = 0;
		};
/* End PBXFrameworksBuildPhase section */

/* Begin PBXGroup section */
		1DFC571B426168796F61EA7B /* Pods */ = {
			isa = PBXGroup;
			children = (
				14A8FA4D1337C3A5F786A1F1 /* Pods-firstApp (iOS).debug.xcconfig */,
				027057B885331C9663A6980A /* Pods-firstApp (iOS).release.xcconfig */,
				493FDD37F81F070A372A7156 /* Pods-firstApp (macOS).debug.xcconfig */,
				3632B0668368B42B20851C9B /* Pods-firstApp (macOS).release.xcconfig */,
			);
			path = Pods;
			sourceTree = "<group>";
		};
		91EFB4E4266852DC00AC9A84 = {
			isa = PBXGroup;
			children = (
				91EFB4E9266852DC00AC9A84 /* Shared */,
				91EFB4F3266852DD00AC9A84 /* iOS */,
				91EFB504266852DD00AC9A84 /* Tests iOS */,
				91EFB4F2266852DD00AC9A84 /* Products */,
				1DFC571B426168796F61EA7B /* Pods */,
				A4DCC4EE31E8D859D3327BF0 /* Frameworks */,
			);
			sourceTree = "<group>";
		};
		91EFB4E9266852DC00AC9A84 /* Shared */ = {
			isa = PBXGroup;
			children = (
				91EFB4EA266852DC00AC9A84 /* firstAppApp.swift */,
				91EFB54F2668680A00AC9A84 /* Views */,
				91EFB52E2668675200AC9A84 /* Resources */,
				91EFB5502668682700AC9A84 /* Model */,
				91EFB4EC266852DD00AC9A84 /* Assets.xcassets */,
			);
			path = Shared;
			sourceTree = "<group>";
		};
		91EFB4F2266852DD00AC9A84 /* Products */ = {
			isa = PBXGroup;
			children = (
				91EFB4F1266852DD00AC9A84 /* firstApp.app */,
				91EFB4F9266852DD00AC9A84 /* firstApp.app */,
				91EFB501266852DD00AC9A84 /* Tests iOS.xctest */,
				91EFB50C266852DD00AC9A84 /* Tests macOS.xctest */,
			);
			name = Products;
			sourceTree = "<group>";
		};
		91EFB4F3266852DD00AC9A84 /* iOS */ = {
			isa = PBXGroup;
			children = (
				91EFB4F4266852DD00AC9A84 /* Info.plist */,
			);
			path = iOS;
			sourceTree = "<group>";
		};
		91EFB504266852DD00AC9A84 /* Tests iOS */ = {
			isa = PBXGroup;
			children = (
				91EFB505266852DD00AC9A84 /* Tests_iOS.swift */,
				91EFB507266852DD00AC9A84 /* Info.plist */,
			);
			path = "Tests iOS";
			sourceTree = "<group>";
		};
		91EFB52E2668675200AC9A84 /* Resources */ = {
			isa = PBXGroup;
			children = (
				91EFB53D2668675200AC9A84 /* landmarkData.json */,
			);
			path = Resources;
			sourceTree = "<group>";
		};
		91EFB54F2668680A00AC9A84 /* Views */ = {
			isa = PBXGroup;
			children = (
				91EFB52726685EEB00AC9A84 /* ImageProfile.swift */,
				91EFB4EB266852DC00AC9A84 /* ContentView.swift */,
				91EFB5512668686A00AC9A84 /* LandmarkRow.swift */,
				91EFB55426686D6200AC9A84 /* landmarkList.swift */,
				91EFB55626686EE200AC9A84 /* LandmarkDetail.swift */,
				91326406266EE086006229F4 /* FavoriteButton.swift */,
			);
			path = Views;
			sourceTree = "<group>";
		};
		91EFB5502668682700AC9A84 /* Model */ = {
			isa = PBXGroup;
			children = (
				91EFB54B266867C200AC9A84 /* Landmark.swift */,
				91EFB54D266867D900AC9A84 /* Modeldata.swift */,
			);
			path = Model;
			sourceTree = "<group>";
		};
		A4DCC4EE31E8D859D3327BF0 /* Frameworks */ = {
			isa = PBXGroup;
			children = (
				D5367AA090301428074BDC2C /* Pods_firstApp__iOS_.framework */,
				34040151E9D56E22B7B84619 /* Pods_firstApp__macOS_.framework */,
			);
			name = Frameworks;
			sourceTree = "<group>";
		};
/* End PBXGroup section */

/* Begin PBXNativeTarget section */
		91EFB4F0266852DD00AC9A84 /* firstApp (iOS) */ = {
			isa = PBXNativeTarget;
			buildConfigurationList = 91EFB51B266852DD00AC9A84 /* Build configuration list for PBXNativeTarget "firstApp (iOS)" */;
			buildPhases = (
				462ECAC19C785B0A4F6AFF03 /* [CP] Check Pods Manifest.lock */,
				91EFB4ED266852DD00AC9A84 /* Sources */,
				91EFB4EE266852DD00AC9A84 /* Frameworks */,
				91EFB4EF266852DD00AC9A84 /* Resources */,
			);
			buildRules = (
			);
			dependencies = (
			);
			name = "firstApp (iOS)";
			productName = "firstApp (iOS)";
			productReference = 91EFB4F1266852DD00AC9A84 /* firstApp.app */;
			productType = "com.apple.product-type.application";
		};
		91EFB4F8266852DD00AC9A84 /* firstApp (macOS) */ = {
			isa = PBXNativeTarget;
			buildConfigurationList = 91EFB51E266852DD00AC9A84 /* Build configuration list for PBXNativeTarget "firstApp (macOS)" */;
			buildPhases = (
				DB82BE6D3DFBD521666FCDA0 /* [CP] Check Pods Manifest.lock */,
				91EFB4F5266852DD00AC9A84 /* Sources */,
				91EFB4F6266852DD00AC9A84 /* Frameworks */,
				91EFB4F7266852DD00AC9A84 /* Resources */,
			);
			buildRules = (
			);
			dependencies = (
			);
			name = "firstApp (macOS)";
			productName = "firstApp (macOS)";
			productReference = 91EFB4F9266852DD00AC9A84 /* firstApp.app */;
			productType = "com.apple.product-type.application";
		};
		91EFB500266852DD00AC9A84 /* Tests iOS */ = {
			isa = PBXNativeTarget;
			buildConfigurationList = 91EFB521266852DD00AC9A84 /* Build configuration list for PBXNativeTarget "Tests iOS" */;
			buildPhases = (
				91EFB4FD266852DD00AC9A84 /* Sources */,
				91EFB4FE266852DD00AC9A84 /* Frameworks */,
				91EFB4FF266852DD00AC9A84 /* Resources */,
			);
			buildRules = (
			);
			dependencies = (
				91EFB503266852DD00AC9A84 /* PBXTargetDependency */,
			);
			name = "Tests iOS";
			productName = "Tests iOS";
			productReference = 91EFB501266852DD00AC9A84 /* Tests iOS.xctest */;
			productType = "com.apple.product-type.bundle.ui-testing";
		};
		91EFB50B266852DD00AC9A84 /* Tests macOS */ = {
			isa = PBXNativeTarget;
			buildConfigurationList = 91EFB524266852DD00AC9A84 /* Build configuration list for PBXNativeTarget "Tests macOS" */;
			buildPhases = (
				91EFB508266852DD00AC9A84 /* Sources */,
				91EFB509266852DD00AC9A84 /* Frameworks */,
				91EFB50A266852DD00AC9A84 /* Resources */,
			);
			buildRules = (
			);
			dependencies = (
				91EFB50E266852DD00AC9A84 /* PBXTargetDependency */,
			);
			name = "Tests macOS";
			productName = "Tests macOS";
			productReference = 91EFB50C266852DD00AC9A84 /* Tests macOS.xctest */;
			productType = "com.apple.product-type.bundle.ui-testing";
		};
/* End PBXNativeTarget section */

/* Begin PBXProject section */
		91EFB4E5266852DC00AC9A84 /* Project object */ = {
			isa = PBXProject;
			attributes = {
				LastSwiftUpdateCheck = 1250;
				LastUpgradeCheck = 1250;
				TargetAttributes = {
					91EFB4F0266852DD00AC9A84 = {
						CreatedOnToolsVersion = 12.5;
					};
					91EFB4F8266852DD00AC9A84 = {
						CreatedOnToolsVersion = 12.5;
					};
					91EFB500266852DD00AC9A84 = {
						CreatedOnToolsVersion = 12.5;
						TestTargetID = 91EFB4F0266852DD00AC9A84;
					};
					91EFB50B266852DD00AC9A84 = {
						CreatedOnToolsVersion = 12.5;
						TestTargetID = 91EFB4F8266852DD00AC9A84;
					};
				};
			};
			buildConfigurationList = 91EFB4E8266852DC00AC9A84 /* Build configuration list for PBXProject "firstApp" */;
			compatibilityVersion = "Xcode 9.3";
			developmentRegion = en;
			hasScannedForEncodings = 0;
			knownRegions = (
				en,
				Base,
			);
			mainGroup = 91EFB4E4266852DC00AC9A84;
			productRefGroup = 91EFB4F2266852DD00AC9A84 /* Products */;
			projectDirPath = "";
			projectRoot = "";
			targets = (
				91EFB4F0266852DD00AC9A84 /* firstApp (iOS) */,
				91EFB4F8266852DD00AC9A84 /* firstApp (macOS) */,
				91EFB500266852DD00AC9A84 /* Tests iOS */,
				91EFB50B266852DD00AC9A84 /* Tests macOS */,
			);
		};
/* End PBXProject section */

/* Begin PBXResourcesBuildPhase section */
		91EFB4EF266852DD00AC9A84 /* Resources */ = {
			isa = PBXResourcesBuildPhase;
			buildActionMask = 2147483647;
			files = (
				91EFB517266852DD00AC9A84 /* Assets.xcassets in Resources */,
				91EFB54A2668675200AC9A84 /* landmarkData.json in Resources */,
			);
			runOnlyForDeploymentPostprocessing = 0;
		};
		91EFB4F7266852DD00AC9A84 /* Resources */ = {
			isa = PBXResourcesBuildPhase;
			buildActionMask = 2147483647;
			files = (
				91EFB518266852DD00AC9A84 /* Assets.xcassets in Resources */,
			);
			runOnlyForDeploymentPostprocessing = 0;
		};
		91EFB4FF266852DD00AC9A84 /* Resources */ = {
			isa = PBXResourcesBuildPhase;
			buildActionMask = 2147483647;
			files = (
			);
			runOnlyForDeploymentPostprocessing = 0;
		};
		91EFB50A266852DD00AC9A84 /* Resources */ = {
			isa = PBXResourcesBuildPhase;
			buildActionMask = 2147483647;
			files = (
			);
			runOnlyForDeploymentPostprocessing = 0;
		};
/* End PBXResourcesBuildPhase section */

/* Begin PBXShellScriptBuildPhase section */
		462ECAC19C785B0A4F6AFF03 /* [CP] Check Pods Manifest.lock */ = {
			isa = PBXShellScriptBuildPhase;
			buildActionMask = 2147483647;
			files = (
			);
			inputFileListPaths = (
			);
			inputPaths = (
				"${PODS_PODFILE_DIR_PATH}/Podfile.lock",
				"${PODS_ROOT}/Manifest.lock",
			);
			name = "[CP] Check Pods Manifest.lock";
			outputFileListPaths = (
			);
			outputPaths = (
				"$(DERIVED_FILE_DIR)/Pods-firstApp (iOS)-checkManifestLockResult.txt",
			);
			runOnlyForDeploymentPostprocessing = 0;
			shellPath = /bin/sh;
			shellScript = "diff \"${PODS_PODFILE_DIR_PATH}/Podfile.lock\" \"${PODS_ROOT}/Manifest.lock\" > /dev/null\nif [ $? != 0 ] ; then\n    # print error to STDERR\n    echo \"error: The sandbox is not in sync with the Podfile.lock. Run 'pod install' or update your CocoaPods installation.\" >&2\n    exit 1\nfi\n# This output is used by Xcode 'outputs' to avoid re-running this script phase.\necho \"SUCCESS\" > \"${SCRIPT_OUTPUT_FILE_0}\"\n";
			showEnvVarsInLog = 0;
		};
		DB82BE6D3DFBD521666FCDA0 /* [CP] Check Pods Manifest.lock */ = {
			isa = PBXShellScriptBuildPhase;
			buildActionMask = 2147483647;
			files = (
			);
			inputFileListPaths = (
			);
			inputPaths = (
				"${PODS_PODFILE_DIR_PATH}/Podfile.lock",
				"${PODS_ROOT}/Manifest.lock",
			);
			name = "[CP] Check Pods Manifest.lock";
			outputFileListPaths = (
			);
			outputPaths = (
				"$(DERIVED_FILE_DIR)/Pods-firstApp (macOS)-checkManifestLockResult.txt",
			);
			runOnlyForDeploymentPostprocessing = 0;
			shellPath = /bin/sh;
			shellScript = "diff \"${PODS_PODFILE_DIR_PATH}/Podfile.lock\" \"${PODS_ROOT}/Manifest.lock\" > /dev/null\nif [ $? != 0 ] ; then\n    # print error to STDERR\n    echo \"error: The sandbox is not in sync with the Podfile.lock. Run 'pod install' or update your CocoaPods installation.\" >&2\n    exit 1\nfi\n# This output is used by Xcode 'outputs' to avoid re-running this script phase.\necho \"SUCCESS\" > \"${SCRIPT_OUTPUT_FILE_0}\"\n";
			showEnvVarsInLog = 0;
		};
/* End PBXShellScriptBuildPhase section */

/* Begin PBXSourcesBuildPhase section */
		91EFB4ED266852DD00AC9A84 /* Sources */ = {
			isa = PBXSourcesBuildPhase;
			buildActionMask = 2147483647;
			files = (
				91EFB515266852DD00AC9A84 /* ContentView.swift in Sources */,
				91EFB52826685EEB00AC9A84 /* ImageProfile.swift in Sources */,
				91EFB5522668686A00AC9A84 /* LandmarkRow.swift in Sources */,
				91326407266EE086006229F4 /* FavoriteButton.swift in Sources */,
				91EFB513266852DD00AC9A84 /* firstAppApp.swift in Sources */,
				91EFB55726686EE200AC9A84 /* LandmarkDetail.swift in Sources */,
				91EFB54C266867C200AC9A84 /* Landmark.swift in Sources */,
				91EFB55526686D6200AC9A84 /* landmarkList.swift in Sources */,
				91EFB54E266867D900AC9A84 /* Modeldata.swift in Sources */,
			);
			runOnlyForDeploymentPostprocessing = 0;
		};
		91EFB4F5266852DD00AC9A84 /* Sources */ = {
			isa = PBXSourcesBuildPhase;
			buildActionMask = 2147483647;
			files = (
				91EFB516266852DD00AC9A84 /* ContentView.swift in Sources */,
				91EFB52926685EEB00AC9A84 /* ImageProfile.swift in Sources */,
				91EFB514266852DD00AC9A84 /* firstAppApp.swift in Sources */,
			);
			runOnlyForDeploymentPostprocessing = 0;
		};
		91EFB4FD266852DD00AC9A84 /* Sources */ = {
			isa = PBXSourcesBuildPhase;
			buildActionMask = 2147483647;
			files = (
				91EFB506266852DD00AC9A84 /* Tests_iOS.swift in Sources */,
			);
			runOnlyForDeploymentPostprocessing = 0;
		};
		91EFB508266852DD00AC9A84 /* Sources */ = {
			isa = PBXSourcesBuildPhase;
			buildActionMask = 2147483647;
			files = (
			);
			runOnlyForDeploymentPostprocessing = 0;
		};
/* End PBXSourcesBuildPhase section */

/* Begin PBXTargetDependency section */
		91EFB503266852DD00AC9A84 /* PBXTargetDependency */ = {
			isa = PBXTargetDependency;
			target = 91EFB4F0266852DD00AC9A84 /* firstApp (iOS) */;
			targetProxy = 91EFB502266852DD00AC9A84 /* PBXContainerItemProxy */;
		};
		91EFB50E266852DD00AC9A84 /* PBXTargetDependency */ = {
			isa = PBXTargetDependency;
			target = 91EFB4F8266852DD00AC9A84 /* firstApp (macOS) */;
			targetProxy = 91EFB50D266852DD00AC9A84 /* PBXContainerItemProxy */;
		};
/* End PBXTargetDependency section */

/* Begin XCBuildConfiguration section */
		91EFB519266852DD00AC9A84 /* Debug */ = {
			isa = XCBuildConfiguration;
			buildSettings = {
				ALWAYS_SEARCH_USER_PATHS = NO;
				CLANG_ANALYZER_NONNULL = YES;
				CLANG_ANALYZER_NUMBER_OBJECT_CONVERSION = YES_AGGRESSIVE;
				CLANG_CXX_LANGUAGE_STANDARD = "gnu++14";
				CLANG_CXX_LIBRARY = "libc++";
				CLANG_ENABLE_MODULES = YES;
				CLANG_ENABLE_OBJC_ARC = YES;
				CLANG_ENABLE_OBJC_WEAK = YES;
				CLANG_WARN_BLOCK_CAPTURE_AUTORELEASING = YES;
				CLANG_WARN_BOOL_CONVERSION = YES;
				CLANG_WARN_COMMA = YES;
				CLANG_WARN_CONSTANT_CONVERSION = YES;
				CLANG_WARN_DEPRECATED_OBJC_IMPLEMENTATIONS = YES;
				CLANG_WARN_DIRECT_OBJC_ISA_USAGE = YES_ERROR;
				CLANG_WARN_DOCUMENTATION_COMMENTS = YES;
				CLANG_WARN_EMPTY_BODY = YES;
				CLANG_WARN_ENUM_CONVERSION = YES;
				CLANG_WARN_INFINITE_RECURSION = YES;
				CLANG_WARN_INT_CONVERSION = YES;
				CLANG_WARN_NON_LITERAL_NULL_CONVERSION = YES;
				CLANG_WARN_OBJC_IMPLICIT_RETAIN_SELF = YES;
				CLANG_WARN_OBJC_LITERAL_CONVERSION = YES;
				CLANG_WARN_OBJC_ROOT_CLASS = YES_ERROR;
				CLANG_WARN_QUOTED_INCLUDE_IN_FRAMEWORK_HEADER = YES;
				CLANG_WARN_RANGE_LOOP_ANALYSIS = YES;
				CLANG_WARN_STRICT_PROTOTYPES = YES;
				CLANG_WARN_SUSPICIOUS_MOVE = YES;
				CLANG_WARN_UNGUARDED_AVAILABILITY = YES_AGGRESSIVE;
				CLANG_WARN_UNREACHABLE_CODE = YES;
				CLANG_WARN__DUPLICATE_METHOD_MATCH = YES;
				COPY_PHASE_STRIP = NO;
				DEBUG_INFORMATION_FORMAT = dwarf;
				ENABLE_STRICT_OBJC_MSGSEND = YES;
				ENABLE_TESTABILITY = YES;
				GCC_C_LANGUAGE_STANDARD = gnu11;
				GCC_DYNAMIC_NO_PIC = NO;
				GCC_NO_COMMON_BLOCKS = YES;
				GCC_OPTIMIZATION_LEVEL = 0;
				GCC_PREPROCESSOR_DEFINITIONS = (
					"DEBUG=1",
					"$(inherited)",
				);
				GCC_WARN_64_TO_32_BIT_CONVERSION = YES;
				GCC_WARN_ABOUT_RETURN_TYPE = YES_ERROR;
				GCC_WARN_UNDECLARED_SELECTOR = YES;
				GCC_WARN_UNINITIALIZED_AUTOS = YES_AGGRESSIVE;
				GCC_WARN_UNUSED_FUNCTION = YES;
				GCC_WARN_UNUSED_VARIABLE = YES;
				MTL_ENABLE_DEBUG_INFO = INCLUDE_SOURCE;
				MTL_FAST_MATH = YES;
				ONLY_ACTIVE_ARCH = YES;
				SWIFT_ACTIVE_COMPILATION_CONDITIONS = DEBUG;
				SWIFT_OPTIMIZATION_LEVEL = "-Onone";
			};
			name = Debug;
		};
		91EFB51A266852DD00AC9A84 /* Release */ = {
			isa = XCBuildConfiguration;
			buildSettings = {
				ALWAYS_SEARCH_USER_PATHS = NO;
				CLANG_ANALYZER_NONNULL = YES;
				CLANG_ANALYZER_NUMBER_OBJECT_CONVERSION = YES_AGGRESSIVE;
				CLANG_CXX_LANGUAGE_STANDARD = "gnu++14";
				CLANG_CXX_LIBRARY = "libc++";
				CLANG_ENABLE_MODULES = YES;
				CLANG_ENABLE_OBJC_ARC = YES;
				CLANG_ENABLE_OBJC_WEAK = YES;
				CLANG_WARN_BLOCK_CAPTURE_AUTORELEASING = YES;
				CLANG_WARN_BOOL_CONVERSION = YES;
				CLANG_WARN_COMMA = YES;
				CLANG_WARN_CONSTANT_CONVERSION = YES;
				CLANG_WARN_DEPRECATED_OBJC_IMPLEMENTATIONS = YES;
				CLANG_WARN_DIRECT_OBJC_ISA_USAGE = YES_ERROR;
				CLANG_WARN_DOCUMENTATION_COMMENTS = YES;
				CLANG_WARN_EMPTY_BODY = YES;
				CLANG_WARN_ENUM_CONVERSION = YES;
				CLANG_WARN_INFINITE_RECURSION = YES;
				CLANG_WARN_INT_CONVERSION = YES;
				CLANG_WARN_NON_LITERAL_NULL_CONVERSION = YES;
				CLANG_WARN_OBJC_IMPLICIT_RETAIN_SELF = YES;
				CLANG_WARN_OBJC_LITERAL_CONVERSION = YES;
				CLANG_WARN_OBJC_ROOT_CLASS = YES_ERROR;
				CLANG_WARN_QUOTED_INCLUDE_IN_FRAMEWORK_HEADER = YES;
				CLANG_WARN_RANGE_LOOP_ANALYSIS = YES;
				CLANG_WARN_STRICT_PROTOTYPES = YES;
				CLANG_WARN_SUSPICIOUS_MOVE = YES;
				CLANG_WARN_UNGUARDED_AVAILABILITY = YES_AGGRESSIVE;
				CLANG_WARN_UNREACHABLE_CODE = YES;
				CLANG_WARN__DUPLICATE_METHOD_MATCH = YES;
				COPY_PHASE_STRIP = NO;
				DEBUG_INFORMATION_FORMAT = "dwarf-with-dsym";
				ENABLE_NS_ASSERTIONS = NO;
				ENABLE_STRICT_OBJC_MSGSEND = YES;
				GCC_C_LANGUAGE_STANDARD = gnu11;
				GCC_NO_COMMON_BLOCKS = YES;
				GCC_WARN_64_TO_32_BIT_CONVERSION = YES;
				GCC_WARN_ABOUT_RETURN_TYPE = YES_ERROR;
				GCC_WARN_UNDECLARED_SELECTOR = YES;
				GCC_WARN_UNINITIALIZED_AUTOS = YES_AGGRESSIVE;
				GCC_WARN_UNUSED_FUNCTION = YES;
				GCC_WARN_UNUSED_VARIABLE = YES;
				MTL_ENABLE_DEBUG_INFO = NO;
				MTL_FAST_MATH = YES;
				SWIFT_COMPILATION_MODE = wholemodule;
				SWIFT_OPTIMIZATION_LEVEL = "-O";
			};
			name = Release;
		};
		91EFB51C266852DD00AC9A84 /* Debug */ = {
			isa = XCBuildConfiguration;
			baseConfigurationReference = 14A8FA4D1337C3A5F786A1F1 /* Pods-firstApp (iOS).debug.xcconfig */;
			buildSettings = {
				ASSETCATALOG_COMPILER_APPICON_NAME = AppIcon;
				ASSETCATALOG_COMPILER_GLOBAL_ACCENT_COLOR_NAME = AccentColor;
				CODE_SIGN_STYLE = Automatic;
				ENABLE_PREVIEWS = YES;
				INFOPLIST_FILE = iOS/Info.plist;
				IPHONEOS_DEPLOYMENT_TARGET = 14.0;
				LD_RUNPATH_SEARCH_PATHS = (
					"$(inherited)",
					"@executable_path/Frameworks",
				);
				PRODUCT_BUNDLE_IDENTIFIER = judagonsa.firstApp;
				PRODUCT_NAME = firstApp;
				SDKROOT = iphoneos;
				SWIFT_VERSION = 5.0;
				TARGETED_DEVICE_FAMILY = "1,2";
			};
			name = Debug;
		};
		91EFB51D266852DD00AC9A84 /* Release */ = {
			isa = XCBuildConfiguration;
			baseConfigurationReference = 027057B885331C9663A6980A /* Pods-firstApp (iOS).release.xcconfig */;
			buildSettings = {
				ASSETCATALOG_COMPILER_APPICON_NAME = AppIcon;
				ASSETCATALOG_COMPILER_GLOBAL_ACCENT_COLOR_NAME = AccentColor;
				CODE_SIGN_STYLE = Automatic;
				ENABLE_PREVIEWS = YES;
				INFOPLIST_FILE = iOS/Info.plist;
				IPHONEOS_DEPLOYMENT_TARGET = 14.0;
				LD_RUNPATH_SEARCH_PATHS = (
					"$(inherited)",
					"@executable_path/Frameworks",
				);
				PRODUCT_BUNDLE_IDENTIFIER = judagonsa.firstApp;
				PRODUCT_NAME = firstApp;
				SDKROOT = iphoneos;
				SWIFT_VERSION = 5.0;
				TARGETED_DEVICE_FAMILY = "1,2";
				VALIDATE_PRODUCT = YES;
			};
			name = Release;
		};
		91EFB51F266852DD00AC9A84 /* Debug */ = {
			isa = XCBuildConfiguration;
			baseConfigurationReference = 493FDD37F81F070A372A7156 /* Pods-firstApp (macOS).debug.xcconfig */;
			buildSettings = {
				ASSETCATALOG_COMPILER_APPICON_NAME = AppIcon;
				ASSETCATALOG_COMPILER_GLOBAL_ACCENT_COLOR_NAME = AccentColor;
				CODE_SIGN_ENTITLEMENTS = macOS/macOS.entitlements;
				CODE_SIGN_STYLE = Automatic;
				COMBINE_HIDPI_IMAGES = YES;
				ENABLE_PREVIEWS = YES;
				INFOPLIST_FILE = macOS/Info.plist;
				LD_RUNPATH_SEARCH_PATHS = (
					"$(inherited)",
					"@executable_path/../Frameworks",
				);
				MACOSX_DEPLOYMENT_TARGET = 11.0;
				PRODUCT_BUNDLE_IDENTIFIER = judagonsa.firstApp;
				PRODUCT_NAME = firstApp;
				SDKROOT = macosx;
				SWIFT_VERSION = 5.0;
			};
			name = Debug;
		};
		91EFB520266852DD00AC9A84 /* Release */ = {
			isa = XCBuildConfiguration;
			baseConfigurationReference = 3632B0668368B42B20851C9B /* Pods-firstApp (macOS).release.xcconfig */;
			buildSettings = {
				ASSETCATALOG_COMPILER_APPICON_NAME = AppIcon;
				ASSETCATALOG_COMPILER_GLOBAL_ACCENT_COLOR_NAME = AccentColor;
				CODE_SIGN_ENTITLEMENTS = macOS/macOS.entitlements;
				CODE_SIGN_STYLE = Automatic;
				COMBINE_HIDPI_IMAGES = YES;
				ENABLE_PREVIEWS = YES;
				INFOPLIST_FILE = macOS/Info.plist;
				LD_RUNPATH_SEARCH_PATHS = (
					"$(inherited)",
					"@executable_path/../Frameworks",
				);
				MACOSX_DEPLOYMENT_TARGET = 11.0;
				PRODUCT_BUNDLE_IDENTIFIER = judagonsa.firstApp;
				PRODUCT_NAME = firstApp;
				SDKROOT = macosx;
				SWIFT_VERSION = 5.0;
			};
			name = Release;
		};
		91EFB522266852DD00AC9A84 /* Debug */ = {
			isa = XCBuildConfiguration;
			buildSettings = {
				ALWAYS_EMBED_SWIFT_STANDARD_LIBRARIES = YES;
				CODE_SIGN_STYLE = Automatic;
				INFOPLIST_FILE = "Tests iOS/Info.plist";
				IPHONEOS_DEPLOYMENT_TARGET = 14.5;
				LD_RUNPATH_SEARCH_PATHS = (
					"$(inherited)",
					"@executable_path/Frameworks",
					"@loader_path/Frameworks",
				);
				PRODUCT_BUNDLE_IDENTIFIER = "judagonsa.Tests-iOS";
				PRODUCT_NAME = "$(TARGET_NAME)";
				SDKROOT = iphoneos;
				SWIFT_VERSION = 5.0;
				TARGETED_DEVICE_FAMILY = "1,2";
				TEST_TARGET_NAME = "firstApp (iOS)";
			};
			name = Debug;
		};
		91EFB523266852DD00AC9A84 /* Release */ = {
			isa = XCBuildConfiguration;
			buildSettings = {
				ALWAYS_EMBED_SWIFT_STANDARD_LIBRARIES = YES;
				CODE_SIGN_STYLE = Automatic;
				INFOPLIST_FILE = "Tests iOS/Info.plist";
				IPHONEOS_DEPLOYMENT_TARGET = 14.5;
				LD_RUNPATH_SEARCH_PATHS = (
					"$(inherited)",
					"@executable_path/Frameworks",
					"@loader_path/Frameworks",
				);
				PRODUCT_BUNDLE_IDENTIFIER = "judagonsa.Tests-iOS";
				PRODUCT_NAME = "$(TARGET_NAME)";
				SDKROOT = iphoneos;
				SWIFT_VERSION = 5.0;
				TARGETED_DEVICE_FAMILY = "1,2";
				TEST_TARGET_NAME = "firstApp (iOS)";
				VALIDATE_PRODUCT = YES;
			};
			name = Release;
		};
		91EFB525266852DD00AC9A84 /* Debug */ = {
			isa = XCBuildConfiguration;
			buildSettings = {
				ALWAYS_EMBED_SWIFT_STANDARD_LIBRARIES = YES;
				CODE_SIGN_STYLE = Automatic;
				COMBINE_HIDPI_IMAGES = YES;
				INFOPLIST_FILE = "Tests macOS/Info.plist";
				LD_RUNPATH_SEARCH_PATHS = (
					"$(inherited)",
					"@executable_path/../Frameworks",
					"@loader_path/../Frameworks",
				);
				MACOSX_DEPLOYMENT_TARGET = 11.3;
				PRODUCT_BUNDLE_IDENTIFIER = "judagonsa.Tests-macOS";
				PRODUCT_NAME = "$(TARGET_NAME)";
				SDKROOT = macosx;
				SWIFT_VERSION = 5.0;
				TEST_TARGET_NAME = "firstApp (macOS)";
			};
			name = Debug;
		};
		91EFB526266852DD00AC9A84 /* Release */ = {
			isa = XCBuildConfiguration;
			buildSettings = {
				ALWAYS_EMBED_SWIFT_STANDARD_LIBRARIES = YES;
				CODE_SIGN_STYLE = Automatic;
				COMBINE_HIDPI_IMAGES = YES;
				INFOPLIST_FILE = "Tests macOS/Info.plist";
				LD_RUNPATH_SEARCH_PATHS = (
					"$(inherited)",
					"@executable_path/../Frameworks",
					"@loader_path/../Frameworks",
				);
				MACOSX_DEPLOYMENT_TARGET = 11.3;
				PRODUCT_BUNDLE_IDENTIFIER = "judagonsa.Tests-macOS";
				PRODUCT_NAME = "$(TARGET_NAME)";
				SDKROOT = macosx;
				SWIFT_VERSION = 5.0;
				TEST_TARGET_NAME = "firstApp (macOS)";
			};
			name = Release;
		};
/* End XCBuildConfiguration section */

/* Begin XCConfigurationList section */
		91EFB4E8266852DC00AC9A84 /* Build configuration list for PBXProject "firstApp" */ = {
			isa = XCConfigurationList;
			buildConfigurations = (
				91EFB519266852DD00AC9A84 /* Debug */,
				91EFB51A266852DD00AC9A84 /* Release */,
			);
			defaultConfigurationIsVisible = 0;
			defaultConfigurationName = Release;
		};
		91EFB51B266852DD00AC9A84 /* Build configuration list for PBXNativeTarget "firstApp (iOS)" */ = {
			isa = XCConfigurationList;
			buildConfigurations = (
				91EFB51C266852DD00AC9A84 /* Debug */,
				91EFB51D266852DD00AC9A84 /* Release */,
			);
			defaultConfigurationIsVisible = 0;
			defaultConfigurationName = Release;
		};
		91EFB51E266852DD00AC9A84 /* Build configuration list for PBXNativeTarget "firstApp (macOS)" */ = {
			isa = XCConfigurationList;
			buildConfigurations = (
				91EFB51F266852DD00AC9A84 /* Debug */,
				91EFB520266852DD00AC9A84 /* Release */,
			);
			defaultConfigurationIsVisible = 0;
			defaultConfigurationName = Release;
		};
		91EFB521266852DD00AC9A84 /* Build configuration list for PBXNativeTarget "Tests iOS" */ = {
			isa = XCConfigurationList;
			buildConfigurations = (
				91EFB522266852DD00AC9A84 /* Debug */,
				91EFB523266852DD00AC9A84 /* Release */,
			);
			defaultConfigurationIsVisible = 0;
			defaultConfigurationName = Release;
		};
		91EFB524266852DD00AC9A84 /* Build configuration list for PBXNativeTarget "Tests macOS" */ = {
			isa = XCConfigurationList;
			buildConfigurations = (
				91EFB525266852DD00AC9A84 /* Debug */,
				91EFB526266852DD00AC9A84 /* Release */,
			);
			defaultConfigurationIsVisible = 0;
			defaultConfigurationName = Release;
		};
/* End XCConfigurationList section */
	};
	rootObject = 91EFB4E5266852DC00AC9A84 /* Project object */;
}
